{
    "name": "jupiter-lint",
    "version": "1.0.0",
    "lockfileVersion": 1,
    "requires": true,
    "dependencies": {
        "@types/color-name": {
            "version": "1.1.1",
            "resolved": "http://registry.npm.souche-inc.com/@types/color-name/download/@types/color-name-1.1.1.tgz",
            "integrity": "sha1-HBJhu+qhCoBVu8XYq4S3sq/IRqA="
        },
        "ansi-styles": {
            "version": "4.2.1",
            "resolved": "http://registry.npm.souche-inc.com/ansi-styles/download/ansi-styles-4.2.1.tgz",
            "integrity": "sha1-kK51xCTQCNJiTFvynq0xd+v881k=",
            "requires": {
                "@types/color-name": "^1.1.1",
                "color-convert": "^2.0.1"
            }
        },
        "chalk": {
            "version": "3.0.0",
            "resolved": "http://registry.npm.souche-inc.com/chalk/download/chalk-3.0.0.tgz",
            "integrity": "sha1-P3PCv1JlkfV0zEksUeJFY0n4ROQ=",
            "requires": {
                "ansi-styles": "^4.1.0",
                "supports-color": "^7.1.0"
            }
        },
        "color-convert": {
            "version": "2.0.1",
            "resolved": "http://registry.npm.souche-inc.com/color-convert/download/color-convert-2.0.1.tgz",
            "integrity": "sha1-ctOmjVmMm9s68q0ehPIdiWq9TeM=",
            "requires": {
                "color-name": "~1.1.4"
            }
        },
        "color-name": {
            "version": "1.1.4",
            "resolved": "http://registry.npm.souche-inc.com/color-name/download/color-name-1.1.4.tgz",
            "integrity": "sha1-wqCah6y95pVD3m9j+jmVyCbFNqI="
        },
        "commander": {
            "version": "4.1.0",
            "resolved": "http://registry.npm.souche-inc.com/commander/download/commander-4.1.0.tgz",
            "integrity": "sha1-VFmDoGA/5CW8Zy1myePInEISGoM="
        },
        "core-js": {
            "version": "3.6.2",
            "resolved": "http://registry.npm.souche-inc.com/core-js/download/core-js-3.6.2.tgz",
            "integrity": "sha1-J5nqGlkFDwrPUN/om5FtZQOxbKo="
        },
        "find-parent-dir": {
            "version": "0.3.0",
            "resolved": "http://registry.npm.souche-inc.com/find-parent-dir/download/find-parent-dir-0.3.0.tgz",
            "integrity": "sha1-M8RLQpqysvBkYpnF+fcY83b/jVQ="
        },
        "has-flag": {
            "version": "4.0.0",
            "resolved": "http://registry.npm.souche-inc.com/has-flag/download/has-flag-4.0.0.tgz",
            "integrity": "sha1-lEdx/ZyByBJlxNaUGGDaBrtZR5s="
        },
        "pify": {
            "version": "4.0.1",
            "resolved": "http://registry.npm.souche-inc.com/pify/download/pify-4.0.1.tgz",
            "integrity": "sha1-SyzSXFDVmHNcUCkiJP2MbfQeMjE="
        },
        "staged-git-files": {
            "version": "1.2.0",
            "resolved": "http://registry.npm.souche-inc.com/staged-git-files/download/staged-git-files-1.2.0.tgz",
            "integrity": "sha1-BbQ/T87G1HmaxByCbs0XwL1TzoI="
        },
        "supports-color": {
            "version": "7.1.0",
            "resolved": "http://registry.npm.souche-inc.com/supports-color/download/supports-color-7.1.0.tgz",
            "integrity": "sha1-aOMlkd9z4lrRxLSRCKLsUHliv9E=",
            "requires": {
                "has-flag": "^4.0.0"
            }
        }
    }
}
